
Microsoft Visual Studio Solution File, Format Version 12.00
Project("{FAE04EC0-301F-11D3-BF4B-00C04F79EFBC}") = "GatherUs.API", "GatherUs.API\GatherUs.API.csproj", "{F4DB8E00-0479-4383-965B-093AC143226B}"
EndProject
Project("{FAE04EC0-301F-11D3-BF4B-00C04F79EFBC}") = "GatherUs.Core", "GatherUs.Core\GatherUs.Core.csproj", "{F9D5D4B3-1E1B-4BFF-AF3F-46FB23562C30}"
EndProject
Global
	GlobalSection(SolutionConfigurationPlatforms) = preSolution
		Debug|Any CPU = Debug|Any CPU
		Release|Any CPU = Release|Any CPU
	EndGlobalSection
	GlobalSection(ProjectConfigurationPlatforms) = postSolution
		{F4DB8E00-0479-4383-965B-093AC143226B}.Debug|Any CPU.ActiveCfg = Debug|Any CPU
		{F4DB8E00-0479-4383-965B-093AC143226B}.Debug|Any CPU.Build.0 = Debug|Any CPU
		{F4DB8E00-0479-4383-965B-093AC143226B}.Release|Any CPU.ActiveCfg = Release|Any CPU
		{F4DB8E00-0479-4383-965B-093AC143226B}.Release|Any CPU.Build.0 = Release|Any CPU
		{F9D5D4B3-1E1B-4BFF-AF3F-46FB23562C30}.Debug|Any CPU.ActiveCfg = Debug|Any CPU
		{F9D5D4B3-1E1B-4BFF-AF3F-46FB23562C30}.Debug|Any CPU.Build.0 = Debug|Any CPU
		{F9D5D4B3-1E1B-4BFF-AF3F-46FB23562C30}.Release|Any CPU.ActiveCfg = Release|Any CPU
		{F9D5D4B3-1E1B-4BFF-AF3F-46FB23562C30}.Release|Any CPU.Build.0 = Release|Any CPU
	EndGlobalSection
EndGlobal
